
Microsoft Visual Studio Solution File, Format Version 12.00
# Visual Studio 2013
VisualStudioVersion = 12.0.31101.0
MinimumVisualStudioVersion = 10.0.40219.1
Project("{FAE04EC0-301F-11D3-BF4B-00C04F79EFBC}") = "BAL", "BAL\BAL.csproj", "{013E37B3-2878-4F25-8D1F-8355BD9FC506}"
EndProject
Project("{FAE04EC0-301F-11D3-BF4B-00C04F79EFBC}") = "DAL", "DAL\DAL.csproj", "{9D364A17-1DC1-4F4A-9C9D-48F4ECDCC348}"
EndProject
Project("{FAE04EC0-301F-11D3-BF4B-00C04F79EFBC}") = "Common", "Common\Common.csproj", "{6D19160D-0229-4693-AAF9-B9083C44A3B4}"
EndProject
Project("{FAE04EC0-301F-11D3-BF4B-00C04F79EFBC}") = "Resources", "Resources\Resources.csproj", "{3B337BCD-A355-4B1E-A377-34515D1ABDCF}"
EndProject
Project("{FAE04EC0-301F-11D3-BF4B-00C04F79EFBC}") = "MainSaite", "MainSaite\MainSaite.csproj", "{0F503666-D7D0-4FD0-A31E-D267B3012C4B}"
EndProject
Project("{FAE04EC0-301F-11D3-BF4B-00C04F79EFBC}") = "Model", "Model\Model.csproj", "{2FB3FF29-7421-45DB-AF46-F2B3851DC500}"
EndProject
Global
	GlobalSection(SolutionConfigurationPlatforms) = preSolution
		Debug|Any CPU = Debug|Any CPU
		Release|Any CPU = Release|Any CPU
	EndGlobalSection
	GlobalSection(ProjectConfigurationPlatforms) = postSolution
		{013E37B3-2878-4F25-8D1F-8355BD9FC506}.Debug|Any CPU.ActiveCfg = Debug|Any CPU
		{013E37B3-2878-4F25-8D1F-8355BD9FC506}.Debug|Any CPU.Build.0 = Debug|Any CPU
		{013E37B3-2878-4F25-8D1F-8355BD9FC506}.Release|Any CPU.ActiveCfg = Release|Any CPU
		{013E37B3-2878-4F25-8D1F-8355BD9FC506}.Release|Any CPU.Build.0 = Release|Any CPU
		{9D364A17-1DC1-4F4A-9C9D-48F4ECDCC348}.Debug|Any CPU.ActiveCfg = Debug|Any CPU
		{9D364A17-1DC1-4F4A-9C9D-48F4ECDCC348}.Debug|Any CPU.Build.0 = Debug|Any CPU
		{9D364A17-1DC1-4F4A-9C9D-48F4ECDCC348}.Release|Any CPU.ActiveCfg = Release|Any CPU
		{9D364A17-1DC1-4F4A-9C9D-48F4ECDCC348}.Release|Any CPU.Build.0 = Release|Any CPU
		{6D19160D-0229-4693-AAF9-B9083C44A3B4}.Debug|Any CPU.ActiveCfg = Debug|Any CPU
		{6D19160D-0229-4693-AAF9-B9083C44A3B4}.Debug|Any CPU.Build.0 = Debug|Any CPU
		{6D19160D-0229-4693-AAF9-B9083C44A3B4}.Release|Any CPU.ActiveCfg = Release|Any CPU
		{6D19160D-0229-4693-AAF9-B9083C44A3B4}.Release|Any CPU.Build.0 = Release|Any CPU
		{3B337BCD-A355-4B1E-A377-34515D1ABDCF}.Debug|Any CPU.ActiveCfg = Debug|Any CPU
		{3B337BCD-A355-4B1E-A377-34515D1ABDCF}.Debug|Any CPU.Build.0 = Debug|Any CPU
		{3B337BCD-A355-4B1E-A377-34515D1ABDCF}.Release|Any CPU.ActiveCfg = Release|Any CPU
		{3B337BCD-A355-4B1E-A377-34515D1ABDCF}.Release|Any CPU.Build.0 = Release|Any CPU
		{0F503666-D7D0-4FD0-A31E-D267B3012C4B}.Debug|Any CPU.ActiveCfg = Debug|Any CPU
		{0F503666-D7D0-4FD0-A31E-D267B3012C4B}.Debug|Any CPU.Build.0 = Debug|Any CPU
		{0F503666-D7D0-4FD0-A31E-D267B3012C4B}.Release|Any CPU.ActiveCfg = Release|Any CPU
		{0F503666-D7D0-4FD0-A31E-D267B3012C4B}.Release|Any CPU.Build.0 = Release|Any CPU
		{2FB3FF29-7421-45DB-AF46-F2B3851DC500}.Debug|Any CPU.ActiveCfg = Debug|Any CPU
		{2FB3FF29-7421-45DB-AF46-F2B3851DC500}.Debug|Any CPU.Build.0 = Debug|Any CPU
		{2FB3FF29-7421-45DB-AF46-F2B3851DC500}.Release|Any CPU.ActiveCfg = Release|Any CPU
		{2FB3FF29-7421-45DB-AF46-F2B3851DC500}.Release|Any CPU.Build.0 = Release|Any CPU
	EndGlobalSection
	GlobalSection(SolutionProperties) = preSolution
		HideSolutionNode = FALSE
	EndGlobalSection
EndGlobal
